
Microsoft Visual Studio Solution File, Format Version 12.00
# Visual Studio 15
VisualStudioVersion = 15.0.27703.2026
MinimumVisualStudioVersion = 10.0.40219.1
Project("{FAE04EC0-301F-11D3-BF4B-00C04F79EFBC}") = "TheZTStoAGA", "TheZTStoAGA\TheZTStoAGA.csproj", "{130123A8-1EDD-4DFF-BB26-D41A90198324}"
EndProject
Global
	GlobalSection(SolutionConfigurationPlatforms) = preSolution
		Debug|Any CPU = Debug|Any CPU
		Release|Any CPU = Release|Any CPU
	EndGlobalSection
	GlobalSection(ProjectConfigurationPlatforms) = postSolution
		{130123A8-1EDD-4DFF-BB26-D41A90198324}.Debug|Any CPU.ActiveCfg = Debug|Any CPU
		{130123A8-1EDD-4DFF-BB26-D41A90198324}.Debug|Any CPU.Build.0 = Debug|Any CPU
		{130123A8-1EDD-4DFF-BB26-D41A90198324}.Release|Any CPU.ActiveCfg = Release|Any CPU
		{130123A8-1EDD-4DFF-BB26-D41A90198324}.Release|Any CPU.Build.0 = Release|Any CPU
	EndGlobalSection
	GlobalSection(SolutionProperties) = preSolution
		HideSolutionNode = FALSE
	EndGlobalSection
	GlobalSection(ExtensibilityGlobals) = postSolution
		SolutionGuid = {3D029E36-D736-49D4-B623-9B01A8BE06D5}
	EndGlobalSection
EndGlobal
