
Microsoft Visual Studio Solution File, Format Version 12.00
# Visual Studio 15
VisualStudioVersion = 15.0.27703.2026
MinimumVisualStudioVersion = 10.0.40219.1
Project("{FAE04EC0-301F-11D3-BF4B-00C04F79EFBC}") = "GPS_RES", "GPS_RES\GPS_RES.csproj", "{A41FA600-A391-49B1-A3F9-F1EBC538BC85}"
EndProject
Global
	GlobalSection(SolutionConfigurationPlatforms) = preSolution
		Debug|Any CPU = Debug|Any CPU
		Release|Any CPU = Release|Any CPU
	EndGlobalSection
	GlobalSection(ProjectConfigurationPlatforms) = postSolution
		{A41FA600-A391-49B1-A3F9-F1EBC538BC85}.Debug|Any CPU.ActiveCfg = Debug|Any CPU
		{A41FA600-A391-49B1-A3F9-F1EBC538BC85}.Debug|Any CPU.Build.0 = Debug|Any CPU
		{A41FA600-A391-49B1-A3F9-F1EBC538BC85}.Release|Any CPU.ActiveCfg = Release|Any CPU
		{A41FA600-A391-49B1-A3F9-F1EBC538BC85}.Release|Any CPU.Build.0 = Release|Any CPU
	EndGlobalSection
	GlobalSection(SolutionProperties) = preSolution
		HideSolutionNode = FALSE
	EndGlobalSection
	GlobalSection(ExtensibilityGlobals) = postSolution
		SolutionGuid = {92868C2E-34A5-4774-B625-EE00083296AA}
	EndGlobalSection
EndGlobal
